{
  "pins" : [
    {
      "identity" : "swiftytable",
      "kind" : "remoteSourceControl",
      "location" : "https://github.com/jrsaruo/SwiftyTable",
      "state" : {
        "revision" : "f7a9234eb4d4fe99cd5b5fc431c76597278d5e0a",
        "version" : "2.0.1"
      }
    },
    {
      "identity" : "uikitessentials",
      "kind" : "remoteSourceControl",
      "location" : "https://github.com/jrsaruo/UIKitEssentials",
      "state" : {
        "revision" : "7e2a3e135dee4aa7c57addf39b7d5b985bd73247",
        "version" : "1.2.0"
      }
    }
  ],
  "version" : 2
}
